# This file is automatically @generated by Cargo.
# It is not intended for manual editing.
[[package]]
name = "multiboot2"
version = "0.3.5"

[[package]]
name = "rlibc"
version = "1.0.0"
source = "registry+https://github.com/rust-lang/crates.io-index"

[[package]]
name = "spin"
version = "0.4.5"
source = "registry+https://github.com/rust-lang/crates.io-index"

[[package]]
name = "thermite_os"
version = "0.1.5"
dependencies = [
 "multiboot2 0.3.5",
 "rlibc 1.0.0 (registry+https://github.com/rust-lang/crates.io-index)",
 "spin 0.4.5 (registry+https://github.com/rust-lang/crates.io-index)",
 "volatile 0.2.0 (git+https://github.com/lambdaxymox/volatile.git)",
]

[[package]]
name = "volatile"
version = "0.2.0"
source = "git+https://github.com/lambdaxymox/volatile.git#c49c3a3c2d8abd2f17ba0b974bda86dc105d1155"

[metadata]
"checksum rlibc 1.0.0 (registry+https://github.com/rust-lang/crates.io-index)" = "fc874b127765f014d792f16763a81245ab80500e2ad921ed4ee9e82481ee08fe"
"checksum spin 0.4.5 (registry+https://github.com/rust-lang/crates.io-index)" = "1d16a26e2b789f86aabddbe91cb82ee2e822beb8a59840d631941b625ef77e53"
"checksum volatile 0.2.0 (git+https://github.com/lambdaxymox/volatile.git)" = "<none>"
